
Microsoft Visual Studio Solution File, Format Version 12.00
# Visual Studio Version 17
VisualStudioVersion = 17.7.34221.43
MinimumVisualStudioVersion = 10.0.40219.1
Project("{FAE04EC0-301F-11D3-BF4B-00C04F79EFBC}") = "BattleShipLiteLibrary", "BattleShipLiteLibrary\BattleShipLiteLibrary.csproj", "{96304C2A-CFF0-4594-AB73-BFD340326028}"
EndProject
Project("{FAE04EC0-301F-11D3-BF4B-00C04F79EFBC}") = "BattleShipLite", "BattleShipLite\BattleShipLite.csproj", "{5ED0C2FE-F918-484C-A744-6156A47CA8FD}"
EndProject
Global
	GlobalSection(SolutionConfigurationPlatforms) = preSolution
		Debug|Any CPU = Debug|Any CPU
		Release|Any CPU = Release|Any CPU
	EndGlobalSection
	GlobalSection(ProjectConfigurationPlatforms) = postSolution
		{96304C2A-CFF0-4594-AB73-BFD340326028}.Debug|Any CPU.ActiveCfg = Debug|Any CPU
		{96304C2A-CFF0-4594-AB73-BFD340326028}.Debug|Any CPU.Build.0 = Debug|Any CPU
		{96304C2A-CFF0-4594-AB73-BFD340326028}.Release|Any CPU.ActiveCfg = Release|Any CPU
		{96304C2A-CFF0-4594-AB73-BFD340326028}.Release|Any CPU.Build.0 = Release|Any CPU
		{5ED0C2FE-F918-484C-A744-6156A47CA8FD}.Debug|Any CPU.ActiveCfg = Debug|Any CPU
		{5ED0C2FE-F918-484C-A744-6156A47CA8FD}.Debug|Any CPU.Build.0 = Debug|Any CPU
		{5ED0C2FE-F918-484C-A744-6156A47CA8FD}.Release|Any CPU.ActiveCfg = Release|Any CPU
		{5ED0C2FE-F918-484C-A744-6156A47CA8FD}.Release|Any CPU.Build.0 = Release|Any CPU
	EndGlobalSection
	GlobalSection(SolutionProperties) = preSolution
		HideSolutionNode = FALSE
	EndGlobalSection
	GlobalSection(ExtensibilityGlobals) = postSolution
		SolutionGuid = {9857EA72-8920-4F72-915D-FC860C606BB6}
	EndGlobalSection
EndGlobal
